{
  "requires": true,
  "lockfileVersion": 1,
  "dependencies": {
    "@carto/carto.js": {
      "version": "4.1.3",
      "resolved": "https://registry.npmjs.org/@carto/carto.js/-/carto.js-4.1.3.tgz",
      "integrity": "sha512-iUhYAPe7coXCaQhLSNHqMVGl+sE9VhK+a4liPTlf66OgadmJPfda2Vx1A2/x9PshMT9WhXzs4WAREn9WXUqFdQ==",
      "requires": {
        "@carto/zera": "1.0.7",
        "backbone": "1.2.3",
        "backbone-poller": "^1.1.3",
        "browserify-shim": "3.8.12",
        "camshaft-reference": "0.34.0",
        "carto": "github:cartodb/carto#31abb8bee02df605521247b0223d508320f7d4c8",
        "clip-path-polygon": "0.1.12",
        "d3-array": "1.2.1",
        "d3-format": "1.2.0",
        "d3-time-format": "2.1.0",
        "jquery": "2.1.4",
        "mustache": "1.1.0",
        "perfect-scrollbar": "git://github.com/CartoDB/perfect-scrollbar.git#f2b66c76ad3718d3c704bd7e1693ea382e44e64d",
        "postcss": "5.0.19",
        "promise-polyfill": "^6.1.0",
        "torque.js": "github:CartoDB/torque#ce414701abb61847d9ddc5830d83c5a3a9d655b2",
        "underscore": "1.8.3",
        "whatwg-fetch": "^2.0.3"
      },
      "dependencies": {
        "cartocolor": {
          "version": "4.0.0",
          "resolved": "https://registry.npmjs.org/cartocolor/-/cartocolor-4.0.0.tgz",
          "integrity": "sha1-hBoyIti1sicY2dVFseW5cssm6zY=",
          "requires": {
            "colorbrewer": "1.0.0"
          }
        },
        "colorbrewer": {
          "version": "1.0.0",
          "resolved": "https://registry.npmjs.org/colorbrewer/-/colorbrewer-1.0.0.tgz",
          "integrity": "sha1-T5czO5abp2Ejgr5LwzlLNB+0yKI="
        },
        "d3": {
          "version": "3.5.17",
          "resolved": "https://registry.npmjs.org/d3/-/d3-3.5.17.tgz",
          "integrity": "sha1-vEZ0gAQ3iyGjYMn8fPUjF5B2L7g="
        },
        "debug": {
          "version": "2.2.0",
          "resolved": "https://registry.npmjs.org/debug/-/debug-2.2.0.tgz",
          "integrity": "sha1-+HBX6ZWxofauaklgZkE3vFbwOdo=",
          "requires": {
            "ms": "0.7.1"
          }
        },
        "es6-promise": {
          "version": "3.1.2",
          "resolved": "https://registry.npmjs.org/es6-promise/-/es6-promise-3.1.2.tgz",
          "integrity": "sha1-eV4lzrR/e6uyY9FRr77dktGOagc="
        },
        "ms": {
          "version": "0.7.1",
          "resolved": "https://registry.npmjs.org/ms/-/ms-0.7.1.tgz",
          "integrity": "sha1-nNE8A62/8ltl7/3nzoZO6VIBcJg="
        },
        "postcss-value-parser": {
          "version": "3.3.0",
          "resolved": "https://registry.npmjs.org/postcss-value-parser/-/postcss-value-parser-3.3.0.tgz",
          "integrity": "sha1-h/OPnxj3dKSrTIojL1xc6IcqnRU="
        },
        "simple-statistics": {
          "version": "0.9.2",
          "resolved": "https://registry.npmjs.org/simple-statistics/-/simple-statistics-0.9.2.tgz",
          "integrity": "sha1-PjXLEDCPx2ljqk7nJS5qbqENKOQ="
        },
        "torque.js": {
          "version": "github:CartoDB/torque#ce414701abb61847d9ddc5830d83c5a3a9d655b2",
          "from": "github:CartoDB/torque#master",
          "requires": {
            "carto": "github:cartodb/carto#31abb8bee02df605521247b0223d508320f7d4c8",
            "d3": "3.5.17",
            "turbo-carto": "0.19.0",
            "turf-jenks": "~1.0.1"
          }
        },
        "turbo-carto": {
          "version": "0.19.0",
          "resolved": "https://registry.npmjs.org/turbo-carto/-/turbo-carto-0.19.0.tgz",
          "integrity": "sha1-g/sZMqzUKstCYxLu8ha19qw0cI4=",
          "requires": {
            "cartocolor": "4.0.0",
            "colorbrewer": "1.0.0",
            "debug": "2.2.0",
            "es6-promise": "3.1.2",
            "postcss": "5.0.19",
            "postcss-value-parser": "3.3.0"
          }
        },
        "turf-jenks": {
          "version": "1.0.1",
          "resolved": "https://registry.npmjs.org/turf-jenks/-/turf-jenks-1.0.1.tgz",
          "integrity": "sha1-XHKuoTpxbv8vACOnLPpUmgAgLX8=",
          "requires": {
            "simple-statistics": "^0.9.0"
          }
        }
      }
    },
    "@carto/zera": {
      "version": "1.0.7",
      "resolved": "https://registry.npmjs.org/@carto/zera/-/zera-1.0.7.tgz",
      "integrity": "sha512-I++EJMuybbNohLsaWMpEcs2gSbUhf0JHDgubT6b63kIB8ox5NS9LHeE39vS1DOUQNlDubLp84QDrSIt/aMpA7A=="
    },
    "accessory": {
      "version": "1.0.1",
      "resolved": "https://registry.npmjs.org/accessory/-/accessory-1.0.1.tgz",
      "integrity": "sha1-JZVKJYKRohsb6PGQIGTpYs7mzmI=",
      "requires": {
        "dot-parts": "~1.0.0"
      }
    },
    "acorn": {
      "version": "5.7.1",
      "resolved": "https://registry.npmjs.org/acorn/-/acorn-5.7.1.tgz",
      "integrity": "sha512-d+nbxBUGKg7Arpsvbnlq61mc12ek3EY8EQldM3GPAhWJ1UVxC6TDGbIvUMNU6obBX3i1+ptCIzV4vq0gFPEGVQ=="
    },
    "amdefine": {
      "version": "1.0.1",
      "resolved": "https://registry.npmjs.org/amdefine/-/amdefine-1.0.1.tgz",
      "integrity": "sha1-SlKCrBZHKek2Gbz9OtFR+BfOkfU="
    },
    "backbone": {
      "version": "1.2.3",
      "resolved": "https://registry.npmjs.org/backbone/-/backbone-1.2.3.tgz",
      "integrity": "sha1-wiz9B/yG676uYdGJKe0RXpmdZbk=",
      "requires": {
        "underscore": ">=1.7.0"
      }
    },
    "backbone-poller": {
      "version": "1.1.4",
      "resolved": "https://registry.npmjs.org/backbone-poller/-/backbone-poller-1.1.4.tgz",
      "integrity": "sha512-h+2XFKG0LhsB2dd5cWowV+ySyn46loPk5YL3DWdnRI34KbruI2P4ZNJh/qCl90n3rkAv1laEj4lfSUsbiWjDNQ==",
      "requires": {
        "backbone": ">=0.9.*",
        "underscore": "*"
      }
    },
    "browserify-shim": {
      "version": "3.8.12",
      "resolved": "https://registry.npmjs.org/browserify-shim/-/browserify-shim-3.8.12.tgz",
      "integrity": "sha1-4sl6E0xesSLiu09hcHoH9vc/8JI=",
      "requires": {
        "exposify": "~0.4.3",
        "mothership": "~0.2.0",
        "rename-function-calls": "~0.1.0",
        "resolve": "~0.6.1",
        "through": "~2.3.4"
      }
    },
    "camshaft-reference": {
      "version": "0.34.0",
      "resolved": "https://registry.npmjs.org/camshaft-reference/-/camshaft-reference-0.34.0.tgz",
      "integrity": "sha512-oz/NyTrgQBgWBDEbjC/s00XWp/O6qxjOJpNffSlNuT30BvGNsEmfWAgMThOD9SzDkuVgTJbHZGlBr4vkYt5Bew=="
    },
    "carto": {
      "version": "github:cartodb/carto#31abb8bee02df605521247b0223d508320f7d4c8",
      "from": "github:cartodb/carto#master",
      "requires": {
        "mapnik-reference": "~6.0.2",
        "optimist": "~0.6.0",
        "underscore": "1.8.3"
      }
    },
    "clip-path-polygon": {
      "version": "0.1.12",
      "resolved": "https://registry.npmjs.org/clip-path-polygon/-/clip-path-polygon-0.1.12.tgz",
      "integrity": "sha1-mK+nZEHqbBJWfLELSg+kVrre2kU=",
      "requires": {
        "jquery": "2.1.4"
      }
    },
    "core-util-is": {
      "version": "1.0.2",
      "resolved": "https://registry.npmjs.org/core-util-is/-/core-util-is-1.0.2.tgz",
      "integrity": "sha1-tf1UIgqivFq1eqtxQMlAdUUDwac="
    },
    "d3-array": {
      "version": "1.2.1",
      "resolved": "https://registry.npmjs.org/d3-array/-/d3-array-1.2.1.tgz",
      "integrity": "sha512-CyINJQ0SOUHojDdFDH4JEM0552vCR1utGyLHegJHyYH0JyCpSeTPxi4OBqHMA2jJZq4NH782LtaJWBImqI/HBw=="
    },
    "d3-format": {
      "version": "1.2.0",
      "resolved": "https://registry.npmjs.org/d3-format/-/d3-format-1.2.0.tgz",
      "integrity": "sha1-a0gLqohohdRlHcJIqPSsnaFtsHo="
    },
    "d3-time": {
      "version": "1.0.8",
      "resolved": "https://registry.npmjs.org/d3-time/-/d3-time-1.0.8.tgz",
      "integrity": "sha512-YRZkNhphZh3KcnBfitvF3c6E0JOFGikHZ4YqD+Lzv83ZHn1/u6yGenRU1m+KAk9J1GnZMnKcrtfvSktlA1DXNQ=="
    },
    "d3-time-format": {
      "version": "2.1.0",
      "resolved": "https://registry.npmjs.org/d3-time-format/-/d3-time-format-2.1.0.tgz",
      "integrity": "sha512-mqTsfDTylgwE3YE/VNs9oB2OGX274fO0B5j1irbgLQI+X3FPoJg25pesNxrcdZ2nBeRx/6sHDJlDyMIjWL0BGQ==",
      "requires": {
        "d3-time": "1"
      }
    },
    "defined": {
      "version": "1.0.0",
      "resolved": "https://registry.npmjs.org/defined/-/defined-1.0.0.tgz",
      "integrity": "sha1-yY2bzvdWdBiOEQlpFRGZ45sfppM="
    },
    "detective": {
      "version": "4.7.1",
      "resolved": "https://registry.npmjs.org/detective/-/detective-4.7.1.tgz",
      "integrity": "sha512-H6PmeeUcZloWtdt4DAkFyzFL94arpHr3NOwwmVILFiy+9Qd4JTxxXrzfyGk/lmct2qVGBwTSwSXagqu2BxmWig==",
      "requires": {
        "acorn": "^5.2.1",
        "defined": "^1.0.0"
      }
    },
    "dot-parts": {
      "version": "1.0.1",
      "resolved": "https://registry.npmjs.org/dot-parts/-/dot-parts-1.0.1.tgz",
      "integrity": "sha1-iEvXvPwwgv+tL+XbU+SU2PPgdD8="
    },
    "escape-string-regexp": {
      "version": "1.0.5",
      "resolved": "https://registry.npmjs.org/escape-string-regexp/-/escape-string-regexp-1.0.5.tgz",
      "integrity": "sha1-G2HAViGQqN/2rjuyzwIAyhMLhtQ="
    },
    "escodegen": {
      "version": "1.1.0",
      "resolved": "https://registry.npmjs.org/escodegen/-/escodegen-1.1.0.tgz",
      "integrity": "sha1-xmOSP24gqtSNDA+knzHG1PSTYM8=",
      "requires": {
        "esprima": "~1.0.4",
        "estraverse": "~1.5.0",
        "esutils": "~1.0.0",
        "source-map": "~0.1.30"
      },
      "dependencies": {
        "esprima": {
          "version": "1.0.4",
          "resolved": "https://registry.npmjs.org/esprima/-/esprima-1.0.4.tgz",
          "integrity": "sha1-n1V+CPw7TSbs6d00+Pv0drYlha0="
        }
      }
    },
    "esprima-fb": {
      "version": "3001.1.0-dev-harmony-fb",
      "resolved": "https://registry.npmjs.org/esprima-fb/-/esprima-fb-3001.0001.0000-dev-harmony-fb.tgz",
      "integrity": "sha1-t303q8046gt3Qmu4vCkizmtCZBE="
    },
    "estraverse": {
      "version": "1.5.1",
      "resolved": "https://registry.npmjs.org/estraverse/-/estraverse-1.5.1.tgz",
      "integrity": "sha1-hno+jlip+EYYr7bC3bzZFrfLr3E="
    },
    "esutils": {
      "version": "1.0.0",
      "resolved": "https://registry.npmjs.org/esutils/-/esutils-1.0.0.tgz",
      "integrity": "sha1-gVHTWOIMisx/t0XnRywAJf5JZXA="
    },
    "exposify": {
      "version": "0.4.3",
      "resolved": "https://registry.npmjs.org/exposify/-/exposify-0.4.3.tgz",
      "integrity": "sha1-GWPrNMSJ+L+6At/Sf8z7wRc4TJ4=",
      "requires": {
        "globo": "~1.0.0",
        "has-require": "~1.1.0",
        "map-obj": "~1.0.1",
        "replace-requires": "~1.0.1",
        "through2": "~0.4.0",
        "transformify": "~0.1.1"
      }
    },
    "find-parent-dir": {
      "version": "0.3.0",
      "resolved": "https://registry.npmjs.org/find-parent-dir/-/find-parent-dir-0.3.0.tgz",
      "integrity": "sha1-M8RLQpqysvBkYpnF+fcY83b/jVQ="
    },
    "globo": {
      "version": "1.0.2",
      "resolved": "https://registry.npmjs.org/globo/-/globo-1.0.2.tgz",
      "integrity": "sha1-aPdc4qBFRA06cEExeG+I1CBfSb0=",
      "requires": {
        "accessory": "~1.0.0",
        "is-defined": "~1.0.0",
        "ternary": "~1.0.0"
      }
    },
    "has-flag": {
      "version": "1.0.0",
      "resolved": "https://registry.npmjs.org/has-flag/-/has-flag-1.0.0.tgz",
      "integrity": "sha1-nZ55MWXOAXoA8AQYxD+UKnsdEfo="
    },
    "has-require": {
      "version": "1.1.0",
      "resolved": "https://registry.npmjs.org/has-require/-/has-require-1.1.0.tgz",
      "integrity": "sha1-QePou4YjRniT7bw5CaWJPeUsdvg="
    },
    "inherits": {
      "version": "2.0.3",
      "resolved": "https://registry.npmjs.org/inherits/-/inherits-2.0.3.tgz",
      "integrity": "sha1-Yzwsg+PaQqUC9SRmAiSA9CCCYd4="
    },
    "is-defined": {
      "version": "1.0.0",
      "resolved": "https://registry.npmjs.org/is-defined/-/is-defined-1.0.0.tgz",
      "integrity": "sha1-HwfKZ9Vx9ZTEsUQVpF9774j5K/U="
    },
    "isarray": {
      "version": "0.0.1",
      "resolved": "https://registry.npmjs.org/isarray/-/isarray-0.0.1.tgz",
      "integrity": "sha1-ihis/Kmo9Bd+Cav8YDiTmwXR7t8="
    },
    "jquery": {
      "version": "2.1.4",
      "resolved": "https://registry.npmjs.org/jquery/-/jquery-2.1.4.tgz",
      "integrity": "sha1-IoveaYoMYUMdwmMKahVPFYkNIxc="
    },
    "js-base64": {
      "version": "2.4.8",
      "resolved": "https://registry.npmjs.org/js-base64/-/js-base64-2.4.8.tgz",
      "integrity": "sha512-hm2nYpDrwoO/OzBhdcqs/XGT6XjSuSSCVEpia+Kl2J6x4CYt5hISlVL/AYU1khoDXv0AQVgxtdJySb9gjAn56Q=="
    },
    "map-obj": {
      "version": "1.0.1",
      "resolved": "https://registry.npmjs.org/map-obj/-/map-obj-1.0.1.tgz",
      "integrity": "sha1-2TPOuSBdgr3PSIb2dCvcK03qFG0="
    },
    "mapnik-reference": {
      "version": "6.0.5",
      "resolved": "https://registry.npmjs.org/mapnik-reference/-/mapnik-reference-6.0.5.tgz",
      "integrity": "sha1-1SMZ4d+I5aB6gR6E3vKhpCO28F8="
    },
    "minimist": {
      "version": "0.0.10",
      "resolved": "https://registry.npmjs.org/minimist/-/minimist-0.0.10.tgz",
      "integrity": "sha1-3j+YVD2/lggr5IrRoMfNqDYwHc8="
    },
    "mothership": {
      "version": "0.2.0",
      "resolved": "https://registry.npmjs.org/mothership/-/mothership-0.2.0.tgz",
      "integrity": "sha1-k9SKL7w+UOKl/I7VhvW8RMZfmpk=",
      "requires": {
        "find-parent-dir": "~0.3.0"
      }
    },
    "mustache": {
      "version": "1.1.0",
      "resolved": "https://registry.npmjs.org/mustache/-/mustache-1.1.0.tgz",
      "integrity": "sha1-DZpVS0s/niSObCdCwledYY0v8A8="
    },
    "object-keys": {
      "version": "0.4.0",
      "resolved": "https://registry.npmjs.org/object-keys/-/object-keys-0.4.0.tgz",
      "integrity": "sha1-KKaq50KN0sOpLz2V8hM13SBOAzY="
    },
    "optimist": {
      "version": "0.6.1",
      "resolved": "https://registry.npmjs.org/optimist/-/optimist-0.6.1.tgz",
      "integrity": "sha1-2j6nRob6IaGaERwybpDrFaAZZoY=",
      "requires": {
        "minimist": "~0.0.1",
        "wordwrap": "~0.0.2"
      }
    },
    "patch-text": {
      "version": "1.0.2",
      "resolved": "https://registry.npmjs.org/patch-text/-/patch-text-1.0.2.tgz",
      "integrity": "sha1-S/NuZeUXM9bpjwz2LgkDTaoDSKw="
    },
    "perfect-scrollbar": {
      "version": "git://github.com/CartoDB/perfect-scrollbar.git#f2b66c76ad3718d3c704bd7e1693ea382e44e64d",
      "from": "git://github.com/CartoDB/perfect-scrollbar.git#master"
    },
    "postcss": {
      "version": "5.0.19",
      "resolved": "https://registry.npmjs.org/postcss/-/postcss-5.0.19.tgz",
      "integrity": "sha1-tjQqAdx1uMq36Wiv2pau/Gf4iK8=",
      "requires": {
        "js-base64": "^2.1.9",
        "source-map": "^0.5.1",
        "supports-color": "^3.1.2"
      },
      "dependencies": {
        "source-map": {
          "version": "0.5.7",
          "resolved": "https://registry.npmjs.org/source-map/-/source-map-0.5.7.tgz",
          "integrity": "sha1-igOdLRAh0i0eoUyA2OpGi6LvP8w="
        }
      }
    },
    "promise-polyfill": {
      "version": "6.1.0",
      "resolved": "https://registry.npmjs.org/promise-polyfill/-/promise-polyfill-6.1.0.tgz",
      "integrity": "sha1-36lpQ+qcEh/KTem1hoyznTRy4Fc="
    },
    "readable-stream": {
      "version": "1.0.34",
      "resolved": "https://registry.npmjs.org/readable-stream/-/readable-stream-1.0.34.tgz",
      "integrity": "sha1-Elgg40vIQtLyqq+v5MKRbuMsFXw=",
      "requires": {
        "core-util-is": "~1.0.0",
        "inherits": "~2.0.1",
        "isarray": "0.0.1",
        "string_decoder": "~0.10.x"
      }
    },
    "rename-function-calls": {
      "version": "0.1.1",
      "resolved": "https://registry.npmjs.org/rename-function-calls/-/rename-function-calls-0.1.1.tgz",
      "integrity": "sha1-f4M2nAB6MAf2q+MDPM+BaGoQjgE=",
      "requires": {
        "detective": "~3.1.0"
      },
      "dependencies": {
        "detective": {
          "version": "3.1.0",
          "resolved": "https://registry.npmjs.org/detective/-/detective-3.1.0.tgz",
          "integrity": "sha1-d3gkRKt1K4jKG+Lp0KA5Xx2iXu0=",
          "requires": {
            "escodegen": "~1.1.0",
            "esprima-fb": "3001.1.0-dev-harmony-fb"
          }
        }
      }
    },
    "replace-requires": {
      "version": "1.0.4",
      "resolved": "https://registry.npmjs.org/replace-requires/-/replace-requires-1.0.4.tgz",
      "integrity": "sha1-AUtzMLa54lV7cQQ7ZvsCZgw79mc=",
      "requires": {
        "detective": "^4.5.0",
        "has-require": "~1.2.1",
        "patch-text": "~1.0.2",
        "xtend": "~4.0.0"
      },
      "dependencies": {
        "has-require": {
          "version": "1.2.2",
          "resolved": "https://registry.npmjs.org/has-require/-/has-require-1.2.2.tgz",
          "integrity": "sha1-khZ1qxMNvZdo/I2o8ajiQt+kF3Q=",
          "requires": {
            "escape-string-regexp": "^1.0.3"
          }
        }
      }
    },
    "resolve": {
      "version": "0.6.3",
      "resolved": "https://registry.npmjs.org/resolve/-/resolve-0.6.3.tgz",
      "integrity": "sha1-3ZV5gufnNt699TtYpN2RdUV13UY="
    },
    "source-map": {
      "version": "0.1.43",
      "resolved": "https://registry.npmjs.org/source-map/-/source-map-0.1.43.tgz",
      "integrity": "sha1-wkvBRspRfBRx9drL4lcbK3+eM0Y=",
      "requires": {
        "amdefine": ">=0.0.4"
      }
    },
    "string_decoder": {
      "version": "0.10.31",
      "resolved": "https://registry.npmjs.org/string_decoder/-/string_decoder-0.10.31.tgz",
      "integrity": "sha1-YuIDvEF2bGwoyfyEMB2rHFMQ+pQ="
    },
    "supports-color": {
      "version": "3.2.3",
      "resolved": "https://registry.npmjs.org/supports-color/-/supports-color-3.2.3.tgz",
      "integrity": "sha1-ZawFBLOVQXHYpklGsq48u4pfVPY=",
      "requires": {
        "has-flag": "^1.0.0"
      }
    },
    "ternary": {
      "version": "1.0.0",
      "resolved": "https://registry.npmjs.org/ternary/-/ternary-1.0.0.tgz",
      "integrity": "sha1-RXAnJWCMlJnUapYQ6bDkn/JveJ4="
    },
    "through": {
      "version": "2.3.8",
      "resolved": "https://registry.npmjs.org/through/-/through-2.3.8.tgz",
      "integrity": "sha1-DdTJ/6q8NXlgsbckEV1+Doai4fU="
    },
    "through2": {
      "version": "0.4.2",
      "resolved": "https://registry.npmjs.org/through2/-/through2-0.4.2.tgz",
      "integrity": "sha1-2/WGYDEVHsg1K7bE22SiKSqEC5s=",
      "requires": {
        "readable-stream": "~1.0.17",
        "xtend": "~2.1.1"
      },
      "dependencies": {
        "xtend": {
          "version": "2.1.2",
          "resolved": "https://registry.npmjs.org/xtend/-/xtend-2.1.2.tgz",
          "integrity": "sha1-bv7MKk2tjmlixJAbM3znuoe10os=",
          "requires": {
            "object-keys": "~0.4.0"
          }
        }
      }
    },
    "torque.js": {
      "version": "github:cartodb/torque#ce414701abb61847d9ddc5830d83c5a3a9d655b2",
      "from": "github:cartodb/torque#master",
      "requires": {
        "carto": "github:cartodb/carto#31abb8bee02df605521247b0223d508320f7d4c8",
        "d3": "3.5.17",
        "turbo-carto": "0.19.0",
        "turf-jenks": "~1.0.1"
      },
      "dependencies": {
        "cartocolor": {
          "version": "4.0.0",
          "resolved": "https://registry.npmjs.org/cartocolor/-/cartocolor-4.0.0.tgz",
          "integrity": "sha1-hBoyIti1sicY2dVFseW5cssm6zY=",
          "requires": {
            "colorbrewer": "1.0.0"
          }
        },
        "colorbrewer": {
          "version": "1.0.0",
          "resolved": "https://registry.npmjs.org/colorbrewer/-/colorbrewer-1.0.0.tgz",
          "integrity": "sha1-T5czO5abp2Ejgr5LwzlLNB+0yKI="
        },
        "d3": {
          "version": "3.5.17",
          "resolved": "https://registry.npmjs.org/d3/-/d3-3.5.17.tgz",
          "integrity": "sha1-vEZ0gAQ3iyGjYMn8fPUjF5B2L7g="
        },
        "debug": {
          "version": "2.2.0",
          "resolved": "https://registry.npmjs.org/debug/-/debug-2.2.0.tgz",
          "integrity": "sha1-+HBX6ZWxofauaklgZkE3vFbwOdo=",
          "requires": {
            "ms": "0.7.1"
          }
        },
        "es6-promise": {
          "version": "3.1.2",
          "resolved": "https://registry.npmjs.org/es6-promise/-/es6-promise-3.1.2.tgz",
          "integrity": "sha1-eV4lzrR/e6uyY9FRr77dktGOagc="
        },
        "ms": {
          "version": "0.7.1",
          "resolved": "https://registry.npmjs.org/ms/-/ms-0.7.1.tgz",
          "integrity": "sha1-nNE8A62/8ltl7/3nzoZO6VIBcJg="
        },
        "postcss-value-parser": {
          "version": "3.3.0",
          "resolved": "https://registry.npmjs.org/postcss-value-parser/-/postcss-value-parser-3.3.0.tgz",
          "integrity": "sha1-h/OPnxj3dKSrTIojL1xc6IcqnRU="
        },
        "simple-statistics": {
          "version": "0.9.2",
          "resolved": "https://registry.npmjs.org/simple-statistics/-/simple-statistics-0.9.2.tgz",
          "integrity": "sha1-PjXLEDCPx2ljqk7nJS5qbqENKOQ="
        },
        "turbo-carto": {
          "version": "0.19.0",
          "resolved": "https://registry.npmjs.org/turbo-carto/-/turbo-carto-0.19.0.tgz",
          "integrity": "sha1-g/sZMqzUKstCYxLu8ha19qw0cI4=",
          "requires": {
            "cartocolor": "4.0.0",
            "colorbrewer": "1.0.0",
            "debug": "2.2.0",
            "es6-promise": "3.1.2",
            "postcss": "5.0.19",
            "postcss-value-parser": "3.3.0"
          }
        },
        "turf-jenks": {
          "version": "1.0.1",
          "resolved": "https://registry.npmjs.org/turf-jenks/-/turf-jenks-1.0.1.tgz",
          "integrity": "sha1-XHKuoTpxbv8vACOnLPpUmgAgLX8=",
          "requires": {
            "simple-statistics": "^0.9.0"
          }
        }
      }
    },
    "transformify": {
      "version": "0.1.2",
      "resolved": "https://registry.npmjs.org/transformify/-/transformify-0.1.2.tgz",
      "integrity": "sha1-mk9CoVRDPdcnuAV1Qoo8nlSJ6/E=",
      "requires": {
        "readable-stream": "~1.1.9"
      },
      "dependencies": {
        "readable-stream": {
          "version": "1.1.14",
          "resolved": "https://registry.npmjs.org/readable-stream/-/readable-stream-1.1.14.tgz",
          "integrity": "sha1-fPTFTvZI44EwhMY23SB54WbAgdk=",
          "requires": {
            "core-util-is": "~1.0.0",
            "inherits": "~2.0.1",
            "isarray": "0.0.1",
            "string_decoder": "~0.10.x"
          }
        }
      }
    },
    "underscore": {
      "version": "1.8.3",
      "resolved": "https://registry.npmjs.org/underscore/-/underscore-1.8.3.tgz",
      "integrity": "sha1-Tz+1OxBuYJf8+ctBCfKl6b36UCI="
    },
    "whatwg-fetch": {
      "version": "2.0.4",
      "resolved": "https://registry.npmjs.org/whatwg-fetch/-/whatwg-fetch-2.0.4.tgz",
      "integrity": "sha512-dcQ1GWpOD/eEQ97k66aiEVpNnapVj90/+R+SXTPYGHpYBBypfKJEQjLrvMZ7YXbKm21gXd4NcuxUTjiv1YtLng=="
    },
    "wordwrap": {
      "version": "0.0.3",
      "resolved": "https://registry.npmjs.org/wordwrap/-/wordwrap-0.0.3.tgz",
      "integrity": "sha1-o9XabNXAvAAI03I0u68b7WMFkQc="
    },
    "xtend": {
      "version": "4.0.1",
      "resolved": "https://registry.npmjs.org/xtend/-/xtend-4.0.1.tgz",
      "integrity": "sha1-pcbVMr5lbiPbgg77lDofBJmNY68="
    }
  }
}
